
Microsoft Visual Studio Solution File, Format Version 12.00
# Visual Studio Version 17
VisualStudioVersion = 17.0.31903.59
MinimumVisualStudioVersion = 10.0.40219.1
Project("{9A19103F-16F7-4668-BE54-9A1E7A4F7556}") = "OpenClosedPrincipleDemoApp", "OpenClosedPrincipleDemoApp\OpenClosedPrincipleDemoApp.csproj", "{3BDEFC62-21CA-46CB-9A2C-2694BA1F6128}"
EndProject
Project("{FAE04EC0-301F-11D3-BF4B-00C04F79EFBC}") = "LiskovSubstitutionPrincipleDemoApp", "LiskovSubstitutionPrincipleDemoApp\LiskovSubstitutionPrincipleDemoApp.csproj", "{267E3C1D-3833-4DF0-9113-4195248C89C5}"
EndProject
Global
	GlobalSection(SolutionConfigurationPlatforms) = preSolution
		Debug|Any CPU = Debug|Any CPU
		Release|Any CPU = Release|Any CPU
	EndGlobalSection
	GlobalSection(ProjectConfigurationPlatforms) = postSolution
		{3BDEFC62-21CA-46CB-9A2C-2694BA1F6128}.Debug|Any CPU.ActiveCfg = Debug|Any CPU
		{3BDEFC62-21CA-46CB-9A2C-2694BA1F6128}.Debug|Any CPU.Build.0 = Debug|Any CPU
		{3BDEFC62-21CA-46CB-9A2C-2694BA1F6128}.Release|Any CPU.ActiveCfg = Release|Any CPU
		{3BDEFC62-21CA-46CB-9A2C-2694BA1F6128}.Release|Any CPU.Build.0 = Release|Any CPU
		{267E3C1D-3833-4DF0-9113-4195248C89C5}.Debug|Any CPU.ActiveCfg = Debug|Any CPU
		{267E3C1D-3833-4DF0-9113-4195248C89C5}.Debug|Any CPU.Build.0 = Debug|Any CPU
		{267E3C1D-3833-4DF0-9113-4195248C89C5}.Release|Any CPU.ActiveCfg = Release|Any CPU
		{267E3C1D-3833-4DF0-9113-4195248C89C5}.Release|Any CPU.Build.0 = Release|Any CPU
	EndGlobalSection
	GlobalSection(SolutionProperties) = preSolution
		HideSolutionNode = FALSE
	EndGlobalSection
EndGlobal
